
Microsoft Visual Studio Solution File, Format Version 12.00
# Visual Studio Version 17
VisualStudioVersion = 17.0.31919.166
MinimumVisualStudioVersion = 10.0.40219.1
Project("{9A19103F-16F7-4668-BE54-9A1E7A4F7556}") = "OAuthTester", "OauthTester\OAuthTester.csproj", "{AE2B6A26-64F1-4E8A-9A63-06B5E77D3813}"
EndProject
Project("{9A19103F-16F7-4668-BE54-9A1E7A4F7556}") = "OAuthTester.Engine", "OAuthTester.Engine\OAuthTester.Engine.csproj", "{20B6ECB5-1B53-4ABC-8700-1D1E176136AD}"
EndProject
Project("{9A19103F-16F7-4668-BE54-9A1E7A4F7556}") = "OAuthTester.Engine.Tests", "OAuthTester.Engine.Tests\OAuthTester.Engine.Tests.csproj", "{9471B3B2-8673-425B-B432-A61CCE7DBA2D}"
EndProject
Project("{9A19103F-16F7-4668-BE54-9A1E7A4F7556}") = "OAuthTester.Tests", "OAuthTester.Tests\OAuthTester.Tests.csproj", "{50B6E408-B19E-4D7D-BF51-09D57F73FE95}"
EndProject
Project("{FAE04EC0-301F-11D3-BF4B-00C04F79EFBC}") = "OAuthTesterApp", "OAuthTesterApp\OAuthTesterApp.csproj", "{3D4E6C7B-73AE-4D11-A421-354414D5B7AA}"
EndProject
Project("{FAE04EC0-301F-11D3-BF4B-00C04F79EFBC}") = "OAuthTesterApp.Tests", "OAuthTesterApp.Tests\OAuthTesterApp.Tests.csproj", "{E8F4AF14-3384-4922-B236-CDFDC4EB76A2}"
EndProject
Project("{C7167F0D-BC9F-4E6E-AFE1-012C56B48DB5}") = "OAuthTesterAppPackager", "OAuthTesterAppPackager\OAuthTesterAppPackager.wapproj", "{6CAC3FA6-C3A3-447D-B348-631D7F7A0B44}"
EndProject
Global
	GlobalSection(SolutionConfigurationPlatforms) = preSolution
		Debug|Any CPU = Debug|Any CPU
		Debug|ARM = Debug|ARM
		Debug|ARM64 = Debug|ARM64
		Debug|x64 = Debug|x64
		Debug|x86 = Debug|x86
		Release|Any CPU = Release|Any CPU
		Release|ARM = Release|ARM
		Release|ARM64 = Release|ARM64
		Release|x64 = Release|x64
		Release|x86 = Release|x86
	EndGlobalSection
	GlobalSection(ProjectConfigurationPlatforms) = postSolution
		{AE2B6A26-64F1-4E8A-9A63-06B5E77D3813}.Debug|Any CPU.ActiveCfg = Debug|Any CPU
		{AE2B6A26-64F1-4E8A-9A63-06B5E77D3813}.Debug|Any CPU.Build.0 = Debug|Any CPU
		{AE2B6A26-64F1-4E8A-9A63-06B5E77D3813}.Debug|ARM.ActiveCfg = Debug|Any CPU
		{AE2B6A26-64F1-4E8A-9A63-06B5E77D3813}.Debug|ARM.Build.0 = Debug|Any CPU
		{AE2B6A26-64F1-4E8A-9A63-06B5E77D3813}.Debug|ARM64.ActiveCfg = Debug|Any CPU
		{AE2B6A26-64F1-4E8A-9A63-06B5E77D3813}.Debug|ARM64.Build.0 = Debug|Any CPU
		{AE2B6A26-64F1-4E8A-9A63-06B5E77D3813}.Debug|x64.ActiveCfg = Debug|Any CPU
		{AE2B6A26-64F1-4E8A-9A63-06B5E77D3813}.Debug|x64.Build.0 = Debug|Any CPU
		{AE2B6A26-64F1-4E8A-9A63-06B5E77D3813}.Debug|x86.ActiveCfg = Debug|Any CPU
		{AE2B6A26-64F1-4E8A-9A63-06B5E77D3813}.Debug|x86.Build.0 = Debug|Any CPU
		{AE2B6A26-64F1-4E8A-9A63-06B5E77D3813}.Release|Any CPU.ActiveCfg = Release|Any CPU
		{AE2B6A26-64F1-4E8A-9A63-06B5E77D3813}.Release|Any CPU.Build.0 = Release|Any CPU
		{AE2B6A26-64F1-4E8A-9A63-06B5E77D3813}.Release|ARM.ActiveCfg = Release|Any CPU
		{AE2B6A26-64F1-4E8A-9A63-06B5E77D3813}.Release|ARM.Build.0 = Release|Any CPU
		{AE2B6A26-64F1-4E8A-9A63-06B5E77D3813}.Release|ARM64.ActiveCfg = Release|Any CPU
		{AE2B6A26-64F1-4E8A-9A63-06B5E77D3813}.Release|ARM64.Build.0 = Release|Any CPU
		{AE2B6A26-64F1-4E8A-9A63-06B5E77D3813}.Release|x64.ActiveCfg = Release|Any CPU
		{AE2B6A26-64F1-4E8A-9A63-06B5E77D3813}.Release|x64.Build.0 = Release|Any CPU
		{AE2B6A26-64F1-4E8A-9A63-06B5E77D3813}.Release|x86.ActiveCfg = Release|Any CPU
		{AE2B6A26-64F1-4E8A-9A63-06B5E77D3813}.Release|x86.Build.0 = Release|Any CPU
		{20B6ECB5-1B53-4ABC-8700-1D1E176136AD}.Debug|Any CPU.ActiveCfg = Debug|Any CPU
		{20B6ECB5-1B53-4ABC-8700-1D1E176136AD}.Debug|Any CPU.Build.0 = Debug|Any CPU
		{20B6ECB5-1B53-4ABC-8700-1D1E176136AD}.Debug|ARM.ActiveCfg = Debug|Any CPU
		{20B6ECB5-1B53-4ABC-8700-1D1E176136AD}.Debug|ARM.Build.0 = Debug|Any CPU
		{20B6ECB5-1B53-4ABC-8700-1D1E176136AD}.Debug|ARM64.ActiveCfg = Debug|Any CPU
		{20B6ECB5-1B53-4ABC-8700-1D1E176136AD}.Debug|ARM64.Build.0 = Debug|Any CPU
		{20B6ECB5-1B53-4ABC-8700-1D1E176136AD}.Debug|x64.ActiveCfg = Debug|Any CPU
		{20B6ECB5-1B53-4ABC-8700-1D1E176136AD}.Debug|x64.Build.0 = Debug|Any CPU
		{20B6ECB5-1B53-4ABC-8700-1D1E176136AD}.Debug|x86.ActiveCfg = Debug|Any CPU
		{20B6ECB5-1B53-4ABC-8700-1D1E176136AD}.Debug|x86.Build.0 = Debug|Any CPU
		{20B6ECB5-1B53-4ABC-8700-1D1E176136AD}.Release|Any CPU.ActiveCfg = Release|Any CPU
		{20B6ECB5-1B53-4ABC-8700-1D1E176136AD}.Release|Any CPU.Build.0 = Release|Any CPU
		{20B6ECB5-1B53-4ABC-8700-1D1E176136AD}.Release|ARM.ActiveCfg = Release|Any CPU
		{20B6ECB5-1B53-4ABC-8700-1D1E176136AD}.Release|ARM.Build.0 = Release|Any CPU
		{20B6ECB5-1B53-4ABC-8700-1D1E176136AD}.Release|ARM64.ActiveCfg = Release|Any CPU
		{20B6ECB5-1B53-4ABC-8700-1D1E176136AD}.Release|ARM64.Build.0 = Release|Any CPU
		{20B6ECB5-1B53-4ABC-8700-1D1E176136AD}.Release|x64.ActiveCfg = Release|Any CPU
		{20B6ECB5-1B53-4ABC-8700-1D1E176136AD}.Release|x64.Build.0 = Release|Any CPU
		{20B6ECB5-1B53-4ABC-8700-1D1E176136AD}.Release|x86.ActiveCfg = Release|Any CPU
		{20B6ECB5-1B53-4ABC-8700-1D1E176136AD}.Release|x86.Build.0 = Release|Any CPU
		{9471B3B2-8673-425B-B432-A61CCE7DBA2D}.Debug|Any CPU.ActiveCfg = Debug|Any CPU
		{9471B3B2-8673-425B-B432-A61CCE7DBA2D}.Debug|Any CPU.Build.0 = Debug|Any CPU
		{9471B3B2-8673-425B-B432-A61CCE7DBA2D}.Debug|ARM.ActiveCfg = Debug|Any CPU
		{9471B3B2-8673-425B-B432-A61CCE7DBA2D}.Debug|ARM.Build.0 = Debug|Any CPU
		{9471B3B2-8673-425B-B432-A61CCE7DBA2D}.Debug|ARM64.ActiveCfg = Debug|Any CPU
		{9471B3B2-8673-425B-B432-A61CCE7DBA2D}.Debug|ARM64.Build.0 = Debug|Any CPU
		{9471B3B2-8673-425B-B432-A61CCE7DBA2D}.Debug|x64.ActiveCfg = Debug|Any CPU
		{9471B3B2-8673-425B-B432-A61CCE7DBA2D}.Debug|x64.Build.0 = Debug|Any CPU
		{9471B3B2-8673-425B-B432-A61CCE7DBA2D}.Debug|x86.ActiveCfg = Debug|Any CPU
		{9471B3B2-8673-425B-B432-A61CCE7DBA2D}.Debug|x86.Build.0 = Debug|Any CPU
		{9471B3B2-8673-425B-B432-A61CCE7DBA2D}.Release|Any CPU.ActiveCfg = Release|Any CPU
		{9471B3B2-8673-425B-B432-A61CCE7DBA2D}.Release|Any CPU.Build.0 = Release|Any CPU
		{9471B3B2-8673-425B-B432-A61CCE7DBA2D}.Release|ARM.ActiveCfg = Release|Any CPU
		{9471B3B2-8673-425B-B432-A61CCE7DBA2D}.Release|ARM.Build.0 = Release|Any CPU
		{9471B3B2-8673-425B-B432-A61CCE7DBA2D}.Release|ARM64.ActiveCfg = Release|Any CPU
		{9471B3B2-8673-425B-B432-A61CCE7DBA2D}.Release|ARM64.Build.0 = Release|Any CPU
		{9471B3B2-8673-425B-B432-A61CCE7DBA2D}.Release|x64.ActiveCfg = Release|Any CPU
		{9471B3B2-8673-425B-B432-A61CCE7DBA2D}.Release|x64.Build.0 = Release|Any CPU
		{9471B3B2-8673-425B-B432-A61CCE7DBA2D}.Release|x86.ActiveCfg = Release|Any CPU
		{9471B3B2-8673-425B-B432-A61CCE7DBA2D}.Release|x86.Build.0 = Release|Any CPU
		{50B6E408-B19E-4D7D-BF51-09D57F73FE95}.Debug|Any CPU.ActiveCfg = Debug|Any CPU
		{50B6E408-B19E-4D7D-BF51-09D57F73FE95}.Debug|Any CPU.Build.0 = Debug|Any CPU
		{50B6E408-B19E-4D7D-BF51-09D57F73FE95}.Debug|ARM.ActiveCfg = Debug|Any CPU
		{50B6E408-B19E-4D7D-BF51-09D57F73FE95}.Debug|ARM.Build.0 = Debug|Any CPU
		{50B6E408-B19E-4D7D-BF51-09D57F73FE95}.Debug|ARM64.ActiveCfg = Debug|Any CPU
		{50B6E408-B19E-4D7D-BF51-09D57F73FE95}.Debug|ARM64.Build.0 = Debug|Any CPU
		{50B6E408-B19E-4D7D-BF51-09D57F73FE95}.Debug|x64.ActiveCfg = Debug|Any CPU
		{50B6E408-B19E-4D7D-BF51-09D57F73FE95}.Debug|x64.Build.0 = Debug|Any CPU
		{50B6E408-B19E-4D7D-BF51-09D57F73FE95}.Debug|x86.ActiveCfg = Debug|Any CPU
		{50B6E408-B19E-4D7D-BF51-09D57F73FE95}.Debug|x86.Build.0 = Debug|Any CPU
		{50B6E408-B19E-4D7D-BF51-09D57F73FE95}.Release|Any CPU.ActiveCfg = Release|Any CPU
		{50B6E408-B19E-4D7D-BF51-09D57F73FE95}.Release|Any CPU.Build.0 = Release|Any CPU
		{50B6E408-B19E-4D7D-BF51-09D57F73FE95}.Release|ARM.ActiveCfg = Release|Any CPU
		{50B6E408-B19E-4D7D-BF51-09D57F73FE95}.Release|ARM.Build.0 = Release|Any CPU
		{50B6E408-B19E-4D7D-BF51-09D57F73FE95}.Release|ARM64.ActiveCfg = Release|Any CPU
		{50B6E408-B19E-4D7D-BF51-09D57F73FE95}.Release|ARM64.Build.0 = Release|Any CPU
		{50B6E408-B19E-4D7D-BF51-09D57F73FE95}.Release|x64.ActiveCfg = Release|Any CPU
		{50B6E408-B19E-4D7D-BF51-09D57F73FE95}.Release|x64.Build.0 = Release|Any CPU
		{50B6E408-B19E-4D7D-BF51-09D57F73FE95}.Release|x86.ActiveCfg = Release|Any CPU
		{50B6E408-B19E-4D7D-BF51-09D57F73FE95}.Release|x86.Build.0 = Release|Any CPU
		{3D4E6C7B-73AE-4D11-A421-354414D5B7AA}.Debug|Any CPU.ActiveCfg = Debug|x64
		{3D4E6C7B-73AE-4D11-A421-354414D5B7AA}.Debug|Any CPU.Build.0 = Debug|x64
		{3D4E6C7B-73AE-4D11-A421-354414D5B7AA}.Debug|Any CPU.Deploy.0 = Debug|x64
		{3D4E6C7B-73AE-4D11-A421-354414D5B7AA}.Debug|ARM.ActiveCfg = Debug|ARM
		{3D4E6C7B-73AE-4D11-A421-354414D5B7AA}.Debug|ARM.Build.0 = Debug|ARM
		{3D4E6C7B-73AE-4D11-A421-354414D5B7AA}.Debug|ARM.Deploy.0 = Debug|ARM
		{3D4E6C7B-73AE-4D11-A421-354414D5B7AA}.Debug|ARM64.ActiveCfg = Debug|ARM64
		{3D4E6C7B-73AE-4D11-A421-354414D5B7AA}.Debug|ARM64.Build.0 = Debug|ARM64
		{3D4E6C7B-73AE-4D11-A421-354414D5B7AA}.Debug|ARM64.Deploy.0 = Debug|ARM64
		{3D4E6C7B-73AE-4D11-A421-354414D5B7AA}.Debug|x64.ActiveCfg = Debug|x64
		{3D4E6C7B-73AE-4D11-A421-354414D5B7AA}.Debug|x64.Build.0 = Debug|x64
		{3D4E6C7B-73AE-4D11-A421-354414D5B7AA}.Debug|x64.Deploy.0 = Debug|x64
		{3D4E6C7B-73AE-4D11-A421-354414D5B7AA}.Debug|x86.ActiveCfg = Debug|x86
		{3D4E6C7B-73AE-4D11-A421-354414D5B7AA}.Debug|x86.Build.0 = Debug|x86
		{3D4E6C7B-73AE-4D11-A421-354414D5B7AA}.Debug|x86.Deploy.0 = Debug|x86
		{3D4E6C7B-73AE-4D11-A421-354414D5B7AA}.Release|Any CPU.ActiveCfg = Release|x64
		{3D4E6C7B-73AE-4D11-A421-354414D5B7AA}.Release|Any CPU.Build.0 = Release|x64
		{3D4E6C7B-73AE-4D11-A421-354414D5B7AA}.Release|Any CPU.Deploy.0 = Release|x64
		{3D4E6C7B-73AE-4D11-A421-354414D5B7AA}.Release|ARM.ActiveCfg = Release|ARM
		{3D4E6C7B-73AE-4D11-A421-354414D5B7AA}.Release|ARM.Build.0 = Release|ARM
		{3D4E6C7B-73AE-4D11-A421-354414D5B7AA}.Release|ARM.Deploy.0 = Release|ARM
		{3D4E6C7B-73AE-4D11-A421-354414D5B7AA}.Release|ARM64.ActiveCfg = Release|ARM64
		{3D4E6C7B-73AE-4D11-A421-354414D5B7AA}.Release|ARM64.Build.0 = Release|ARM64
		{3D4E6C7B-73AE-4D11-A421-354414D5B7AA}.Release|ARM64.Deploy.0 = Release|ARM64
		{3D4E6C7B-73AE-4D11-A421-354414D5B7AA}.Release|x64.ActiveCfg = Release|x64
		{3D4E6C7B-73AE-4D11-A421-354414D5B7AA}.Release|x64.Build.0 = Release|x64
		{3D4E6C7B-73AE-4D11-A421-354414D5B7AA}.Release|x64.Deploy.0 = Release|x64
		{3D4E6C7B-73AE-4D11-A421-354414D5B7AA}.Release|x86.ActiveCfg = Release|x86
		{3D4E6C7B-73AE-4D11-A421-354414D5B7AA}.Release|x86.Build.0 = Release|x86
		{3D4E6C7B-73AE-4D11-A421-354414D5B7AA}.Release|x86.Deploy.0 = Release|x86
		{E8F4AF14-3384-4922-B236-CDFDC4EB76A2}.Debug|Any CPU.ActiveCfg = Debug|x64
		{E8F4AF14-3384-4922-B236-CDFDC4EB76A2}.Debug|Any CPU.Build.0 = Debug|x64
		{E8F4AF14-3384-4922-B236-CDFDC4EB76A2}.Debug|Any CPU.Deploy.0 = Debug|x64
		{E8F4AF14-3384-4922-B236-CDFDC4EB76A2}.Debug|ARM.ActiveCfg = Debug|ARM
		{E8F4AF14-3384-4922-B236-CDFDC4EB76A2}.Debug|ARM.Build.0 = Debug|ARM
		{E8F4AF14-3384-4922-B236-CDFDC4EB76A2}.Debug|ARM.Deploy.0 = Debug|ARM
		{E8F4AF14-3384-4922-B236-CDFDC4EB76A2}.Debug|ARM64.ActiveCfg = Debug|ARM64
		{E8F4AF14-3384-4922-B236-CDFDC4EB76A2}.Debug|ARM64.Build.0 = Debug|ARM64
		{E8F4AF14-3384-4922-B236-CDFDC4EB76A2}.Debug|ARM64.Deploy.0 = Debug|ARM64
		{E8F4AF14-3384-4922-B236-CDFDC4EB76A2}.Debug|x64.ActiveCfg = Debug|x64
		{E8F4AF14-3384-4922-B236-CDFDC4EB76A2}.Debug|x64.Build.0 = Debug|x64
		{E8F4AF14-3384-4922-B236-CDFDC4EB76A2}.Debug|x64.Deploy.0 = Debug|x64
		{E8F4AF14-3384-4922-B236-CDFDC4EB76A2}.Debug|x86.ActiveCfg = Debug|x86
		{E8F4AF14-3384-4922-B236-CDFDC4EB76A2}.Debug|x86.Build.0 = Debug|x86
		{E8F4AF14-3384-4922-B236-CDFDC4EB76A2}.Debug|x86.Deploy.0 = Debug|x86
		{E8F4AF14-3384-4922-B236-CDFDC4EB76A2}.Release|Any CPU.ActiveCfg = Release|x64
		{E8F4AF14-3384-4922-B236-CDFDC4EB76A2}.Release|Any CPU.Build.0 = Release|x64
		{E8F4AF14-3384-4922-B236-CDFDC4EB76A2}.Release|Any CPU.Deploy.0 = Release|x64
		{E8F4AF14-3384-4922-B236-CDFDC4EB76A2}.Release|ARM.ActiveCfg = Release|ARM
		{E8F4AF14-3384-4922-B236-CDFDC4EB76A2}.Release|ARM.Build.0 = Release|ARM
		{E8F4AF14-3384-4922-B236-CDFDC4EB76A2}.Release|ARM.Deploy.0 = Release|ARM
		{E8F4AF14-3384-4922-B236-CDFDC4EB76A2}.Release|ARM64.ActiveCfg = Release|ARM64
		{E8F4AF14-3384-4922-B236-CDFDC4EB76A2}.Release|ARM64.Build.0 = Release|ARM64
		{E8F4AF14-3384-4922-B236-CDFDC4EB76A2}.Release|ARM64.Deploy.0 = Release|ARM64
		{E8F4AF14-3384-4922-B236-CDFDC4EB76A2}.Release|x64.ActiveCfg = Release|x64
		{E8F4AF14-3384-4922-B236-CDFDC4EB76A2}.Release|x64.Build.0 = Release|x64
		{E8F4AF14-3384-4922-B236-CDFDC4EB76A2}.Release|x64.Deploy.0 = Release|x64
		{E8F4AF14-3384-4922-B236-CDFDC4EB76A2}.Release|x86.ActiveCfg = Release|x86
		{E8F4AF14-3384-4922-B236-CDFDC4EB76A2}.Release|x86.Build.0 = Release|x86
		{E8F4AF14-3384-4922-B236-CDFDC4EB76A2}.Release|x86.Deploy.0 = Release|x86
		{6CAC3FA6-C3A3-447D-B348-631D7F7A0B44}.Debug|Any CPU.ActiveCfg = Debug|x64
		{6CAC3FA6-C3A3-447D-B348-631D7F7A0B44}.Debug|Any CPU.Build.0 = Debug|x64
		{6CAC3FA6-C3A3-447D-B348-631D7F7A0B44}.Debug|Any CPU.Deploy.0 = Debug|x64
		{6CAC3FA6-C3A3-447D-B348-631D7F7A0B44}.Debug|ARM.ActiveCfg = Debug|ARM
		{6CAC3FA6-C3A3-447D-B348-631D7F7A0B44}.Debug|ARM.Build.0 = Debug|ARM
		{6CAC3FA6-C3A3-447D-B348-631D7F7A0B44}.Debug|ARM.Deploy.0 = Debug|ARM
		{6CAC3FA6-C3A3-447D-B348-631D7F7A0B44}.Debug|ARM64.ActiveCfg = Debug|ARM64
		{6CAC3FA6-C3A3-447D-B348-631D7F7A0B44}.Debug|ARM64.Build.0 = Debug|ARM64
		{6CAC3FA6-C3A3-447D-B348-631D7F7A0B44}.Debug|ARM64.Deploy.0 = Debug|ARM64
		{6CAC3FA6-C3A3-447D-B348-631D7F7A0B44}.Debug|x64.ActiveCfg = Debug|x64
		{6CAC3FA6-C3A3-447D-B348-631D7F7A0B44}.Debug|x64.Build.0 = Debug|x64
		{6CAC3FA6-C3A3-447D-B348-631D7F7A0B44}.Debug|x64.Deploy.0 = Debug|x64
		{6CAC3FA6-C3A3-447D-B348-631D7F7A0B44}.Debug|x86.ActiveCfg = Debug|x86
		{6CAC3FA6-C3A3-447D-B348-631D7F7A0B44}.Debug|x86.Build.0 = Debug|x86
		{6CAC3FA6-C3A3-447D-B348-631D7F7A0B44}.Debug|x86.Deploy.0 = Debug|x86
		{6CAC3FA6-C3A3-447D-B348-631D7F7A0B44}.Release|Any CPU.ActiveCfg = Release|Any CPU
		{6CAC3FA6-C3A3-447D-B348-631D7F7A0B44}.Release|Any CPU.Build.0 = Release|Any CPU
		{6CAC3FA6-C3A3-447D-B348-631D7F7A0B44}.Release|Any CPU.Deploy.0 = Release|Any CPU
		{6CAC3FA6-C3A3-447D-B348-631D7F7A0B44}.Release|ARM.ActiveCfg = Release|ARM
		{6CAC3FA6-C3A3-447D-B348-631D7F7A0B44}.Release|ARM.Build.0 = Release|ARM
		{6CAC3FA6-C3A3-447D-B348-631D7F7A0B44}.Release|ARM.Deploy.0 = Release|ARM
		{6CAC3FA6-C3A3-447D-B348-631D7F7A0B44}.Release|ARM64.ActiveCfg = Release|ARM64
		{6CAC3FA6-C3A3-447D-B348-631D7F7A0B44}.Release|ARM64.Build.0 = Release|ARM64
		{6CAC3FA6-C3A3-447D-B348-631D7F7A0B44}.Release|ARM64.Deploy.0 = Release|ARM64
		{6CAC3FA6-C3A3-447D-B348-631D7F7A0B44}.Release|x64.ActiveCfg = Release|x64
		{6CAC3FA6-C3A3-447D-B348-631D7F7A0B44}.Release|x64.Build.0 = Release|x64
		{6CAC3FA6-C3A3-447D-B348-631D7F7A0B44}.Release|x64.Deploy.0 = Release|x64
		{6CAC3FA6-C3A3-447D-B348-631D7F7A0B44}.Release|x86.ActiveCfg = Release|x86
		{6CAC3FA6-C3A3-447D-B348-631D7F7A0B44}.Release|x86.Build.0 = Release|x86
		{6CAC3FA6-C3A3-447D-B348-631D7F7A0B44}.Release|x86.Deploy.0 = Release|x86
	EndGlobalSection
	GlobalSection(SolutionProperties) = preSolution
		HideSolutionNode = FALSE
	EndGlobalSection
	GlobalSection(ExtensibilityGlobals) = postSolution
		SolutionGuid = {C7B34008-A4A6-4FD9-B65E-39FFE4CCC898}
	EndGlobalSection
EndGlobal
