
Microsoft Visual Studio Solution File, Format Version 12.00
# Visual Studio Version 17
VisualStudioVersion = 17.0.31919.166
MinimumVisualStudioVersion = 10.0.40219.1
Project("{9A19103F-16F7-4668-BE54-9A1E7A4F7556}") = "OAuthTester", "OauthTester\OAuthTester.csproj", "{AE2B6A26-64F1-4E8A-9A63-06B5E77D3813}"
EndProject
Project("{9A19103F-16F7-4668-BE54-9A1E7A4F7556}") = "OAuthTester.Engine", "OAuthTester.Engine\OAuthTester.Engine.csproj", "{20B6ECB5-1B53-4ABC-8700-1D1E176136AD}"
EndProject
Project("{FAE04EC0-301F-11D3-BF4B-00C04F79EFBC}") = "OAuthTester.Engine.Tests", "OAuthTester.Engine.Tests\OAuthTester.Engine.Tests.csproj", "{9471B3B2-8673-425B-B432-A61CCE7DBA2D}"
EndProject
Project("{FAE04EC0-301F-11D3-BF4B-00C04F79EFBC}") = "OAuthTester.Tests", "OAuthTester.Tests\OAuthTester.Tests.csproj", "{50B6E408-B19E-4D7D-BF51-09D57F73FE95}"
EndProject
Global
	GlobalSection(SolutionConfigurationPlatforms) = preSolution
		Debug|Any CPU = Debug|Any CPU
		Release|Any CPU = Release|Any CPU
	EndGlobalSection
	GlobalSection(ProjectConfigurationPlatforms) = postSolution
		{AE2B6A26-64F1-4E8A-9A63-06B5E77D3813}.Debug|Any CPU.ActiveCfg = Debug|Any CPU
		{AE2B6A26-64F1-4E8A-9A63-06B5E77D3813}.Debug|Any CPU.Build.0 = Debug|Any CPU
		{AE2B6A26-64F1-4E8A-9A63-06B5E77D3813}.Release|Any CPU.ActiveCfg = Release|Any CPU
		{AE2B6A26-64F1-4E8A-9A63-06B5E77D3813}.Release|Any CPU.Build.0 = Release|Any CPU
		{20B6ECB5-1B53-4ABC-8700-1D1E176136AD}.Debug|Any CPU.ActiveCfg = Debug|Any CPU
		{20B6ECB5-1B53-4ABC-8700-1D1E176136AD}.Debug|Any CPU.Build.0 = Debug|Any CPU
		{20B6ECB5-1B53-4ABC-8700-1D1E176136AD}.Release|Any CPU.ActiveCfg = Release|Any CPU
		{20B6ECB5-1B53-4ABC-8700-1D1E176136AD}.Release|Any CPU.Build.0 = Release|Any CPU
		{9471B3B2-8673-425B-B432-A61CCE7DBA2D}.Debug|Any CPU.ActiveCfg = Debug|Any CPU
		{9471B3B2-8673-425B-B432-A61CCE7DBA2D}.Debug|Any CPU.Build.0 = Debug|Any CPU
		{9471B3B2-8673-425B-B432-A61CCE7DBA2D}.Release|Any CPU.ActiveCfg = Release|Any CPU
		{9471B3B2-8673-425B-B432-A61CCE7DBA2D}.Release|Any CPU.Build.0 = Release|Any CPU
		{50B6E408-B19E-4D7D-BF51-09D57F73FE95}.Debug|Any CPU.ActiveCfg = Debug|Any CPU
		{50B6E408-B19E-4D7D-BF51-09D57F73FE95}.Debug|Any CPU.Build.0 = Debug|Any CPU
		{50B6E408-B19E-4D7D-BF51-09D57F73FE95}.Release|Any CPU.ActiveCfg = Release|Any CPU
		{50B6E408-B19E-4D7D-BF51-09D57F73FE95}.Release|Any CPU.Build.0 = Release|Any CPU
	EndGlobalSection
	GlobalSection(SolutionProperties) = preSolution
		HideSolutionNode = FALSE
	EndGlobalSection
	GlobalSection(ExtensibilityGlobals) = postSolution
		SolutionGuid = {C7B34008-A4A6-4FD9-B65E-39FFE4CCC898}
	EndGlobalSection
EndGlobal
